
Microsoft Visual Studio Solution File, Format Version 12.00
# Visual Studio Version 17
VisualStudioVersion = 17.9.34902.65
MinimumVisualStudioVersion = 10.0.40219.1
Project("{9A19103F-16F7-4668-BE54-9A1E7A4F7556}") = "P01 - Demo", "P01 - Demo\P01 - Demo.csproj", "{C1C45551-3635-4C55-9220-A4167E09C552}"
EndProject
Project("{9A19103F-16F7-4668-BE54-9A1E7A4F7556}") = "P02 - Demo2", "P02 - Demo2\P02 - Demo2.csproj", "{7E49301D-21CE-4B59-B79F-AC190E2E8EE3}"
EndProject
Project("{9A19103F-16F7-4668-BE54-9A1E7A4F7556}") = "P03 - Demo", "P03 - Demo\P03 - Demo.csproj", "{41CAF348-0EE7-44FD-9A3C-8C4604D597D4}"
EndProject
Project("{9A19103F-16F7-4668-BE54-9A1E7A4F7556}") = "P10 - II - 02 - BankAccount", "P10 - II - 02 - BankAccount\P10 - II - 02 - BankAccount.csproj", "{C5A1A83C-8E36-484A-A86A-01EFC906716B}"
EndProject
Project("{9A19103F-16F7-4668-BE54-9A1E7A4F7556}") = "P11 - II - 3 - BankAccountMethods", "P11 - II - 3 - BankAccountMethods\P11 - II - 3 - BankAccountMethods.csproj", "{F1B8E1BB-ECB9-4367-8AE2-F18F535022E6}"
EndProject
Project("{9A19103F-16F7-4668-BE54-9A1E7A4F7556}") = "P13 - II - 2 - Family", "P13 - II - 2 - Family\P13 - II - 2 - Family.csproj", "{367EED41-A1FB-4270-9F69-BB911737B817}"
EndProject
Project("{9A19103F-16F7-4668-BE54-9A1E7A4F7556}") = "P04 - Demo", "P04 - Demo\P04 - Demo.csproj", "{49C6DA1E-D305-461A-81F2-8EC1F3D157C7}"
EndProject
Project("{9A19103F-16F7-4668-BE54-9A1E7A4F7556}") = "ConsoleApp1", "ConsoleApp1\ConsoleApp1.csproj", "{08A4404D-9A57-40E2-9D35-0943274B241D}"
EndProject
Project("{9A19103F-16F7-4668-BE54-9A1E7A4F7556}") = "P05 - DemoConstruktors", "P05 - DemoConstruktors\P05 - DemoConstruktors.csproj", "{9F147C63-3D08-420A-AFBC-FD63A6794565}"
EndProject
Project("{9A19103F-16F7-4668-BE54-9A1E7A4F7556}") = "P06 - DemoConstructors", "P06 - DemoConstructors\P06 - DemoConstructors.csproj", "{446D31C5-AB65-4620-8D29-5F4966B7FD36}"
EndProject
Project("{9A19103F-16F7-4668-BE54-9A1E7A4F7556}") = "P14 - IV - 3 - PersonMoney", "P14 - IV - 3 - PersonMoney\P14 - IV - 3 - PersonMoney.csproj", "{04E46CAB-0893-4EBE-A87A-413D56DA0C70}"
EndProject
Project("{9A19103F-16F7-4668-BE54-9A1E7A4F7556}") = "P15 - IV - 4 - OldestFamily", "P15 - IV - 4 - OldestFamily\P15 - IV - 4 - OldestFamily.csproj", "{04943D6D-2582-4804-9E86-7C00A7E4B24F}"
EndProject
Project("{9A19103F-16F7-4668-BE54-9A1E7A4F7556}") = "P16 - I - 4 - TestovKlient", "P16 - I - 4 - TestovKlient\P16 - I - 4 - TestovKlient.csproj", "{9AC26A68-C6AD-472A-BBA1-86BD75E47A5C}"
EndProject
Project("{9A19103F-16F7-4668-BE54-9A1E7A4F7556}") = "P17 - III - w7 - 1 -SortName", "P17 - III - w7 - 1 -SortName\P17 - III - w7 - 1 -SortName.csproj", "{BCA7BE26-7A55-4590-8005-0819971E0FA0}"
EndProject
Project("{9A19103F-16F7-4668-BE54-9A1E7A4F7556}") = "P18 - III - w7 - BOX", "P18 - III - w7 - BOX\P18 - III - w7 - BOX.csproj", "{1F221D66-5910-4764-B138-E443CB004611}"
EndProject
Project("{9A19103F-16F7-4668-BE54-9A1E7A4F7556}") = "P19 - III - w8 - 1 - IncreaseSalary", "P19 - III - w8 - 1 - IncreaseSalary\P19 - III - w8 - 1 - IncreaseSalary.csproj", "{34BC2E9B-20D8-48E3-8469-686F26B85955}"
EndProject
Project("{FAE04EC0-301F-11D3-BF4B-00C04F79EFBC}") = "P20 - III - w9 - PersonValidation", "P20 - III - w9 - PersonValidation\P20 - III - w9 - PersonValidation.csproj", "{A9F34A1A-84FA-4457-BAF8-9A463DEB0DF2}"
EndProject
Project("{FAE04EC0-301F-11D3-BF4B-00C04F79EFBC}") = "P21 - III - w9 - BoxValidation", "P21 - III - w9 - BoxValidation\P21 - III - w9 - BoxValidation.csproj", "{A6674D70-2D12-43D5-A3C5-9E6F13418D7B}"
EndProject
Global
	GlobalSection(SolutionConfigurationPlatforms) = preSolution
		Debug|Any CPU = Debug|Any CPU
		Release|Any CPU = Release|Any CPU
	EndGlobalSection
	GlobalSection(ProjectConfigurationPlatforms) = postSolution
		{C1C45551-3635-4C55-9220-A4167E09C552}.Debug|Any CPU.ActiveCfg = Debug|Any CPU
		{C1C45551-3635-4C55-9220-A4167E09C552}.Debug|Any CPU.Build.0 = Debug|Any CPU
		{C1C45551-3635-4C55-9220-A4167E09C552}.Release|Any CPU.ActiveCfg = Release|Any CPU
		{C1C45551-3635-4C55-9220-A4167E09C552}.Release|Any CPU.Build.0 = Release|Any CPU
		{7E49301D-21CE-4B59-B79F-AC190E2E8EE3}.Debug|Any CPU.ActiveCfg = Debug|Any CPU
		{7E49301D-21CE-4B59-B79F-AC190E2E8EE3}.Debug|Any CPU.Build.0 = Debug|Any CPU
		{7E49301D-21CE-4B59-B79F-AC190E2E8EE3}.Release|Any CPU.ActiveCfg = Release|Any CPU
		{7E49301D-21CE-4B59-B79F-AC190E2E8EE3}.Release|Any CPU.Build.0 = Release|Any CPU
		{41CAF348-0EE7-44FD-9A3C-8C4604D597D4}.Debug|Any CPU.ActiveCfg = Debug|Any CPU
		{41CAF348-0EE7-44FD-9A3C-8C4604D597D4}.Debug|Any CPU.Build.0 = Debug|Any CPU
		{41CAF348-0EE7-44FD-9A3C-8C4604D597D4}.Release|Any CPU.ActiveCfg = Release|Any CPU
		{41CAF348-0EE7-44FD-9A3C-8C4604D597D4}.Release|Any CPU.Build.0 = Release|Any CPU
		{C5A1A83C-8E36-484A-A86A-01EFC906716B}.Debug|Any CPU.ActiveCfg = Debug|Any CPU
		{C5A1A83C-8E36-484A-A86A-01EFC906716B}.Debug|Any CPU.Build.0 = Debug|Any CPU
		{C5A1A83C-8E36-484A-A86A-01EFC906716B}.Release|Any CPU.ActiveCfg = Release|Any CPU
		{C5A1A83C-8E36-484A-A86A-01EFC906716B}.Release|Any CPU.Build.0 = Release|Any CPU
		{F1B8E1BB-ECB9-4367-8AE2-F18F535022E6}.Debug|Any CPU.ActiveCfg = Debug|Any CPU
		{F1B8E1BB-ECB9-4367-8AE2-F18F535022E6}.Debug|Any CPU.Build.0 = Debug|Any CPU
		{F1B8E1BB-ECB9-4367-8AE2-F18F535022E6}.Release|Any CPU.ActiveCfg = Release|Any CPU
		{F1B8E1BB-ECB9-4367-8AE2-F18F535022E6}.Release|Any CPU.Build.0 = Release|Any CPU
		{367EED41-A1FB-4270-9F69-BB911737B817}.Debug|Any CPU.ActiveCfg = Debug|Any CPU
		{367EED41-A1FB-4270-9F69-BB911737B817}.Debug|Any CPU.Build.0 = Debug|Any CPU
		{367EED41-A1FB-4270-9F69-BB911737B817}.Release|Any CPU.ActiveCfg = Release|Any CPU
		{367EED41-A1FB-4270-9F69-BB911737B817}.Release|Any CPU.Build.0 = Release|Any CPU
		{49C6DA1E-D305-461A-81F2-8EC1F3D157C7}.Debug|Any CPU.ActiveCfg = Debug|Any CPU
		{49C6DA1E-D305-461A-81F2-8EC1F3D157C7}.Debug|Any CPU.Build.0 = Debug|Any CPU
		{49C6DA1E-D305-461A-81F2-8EC1F3D157C7}.Release|Any CPU.ActiveCfg = Release|Any CPU
		{49C6DA1E-D305-461A-81F2-8EC1F3D157C7}.Release|Any CPU.Build.0 = Release|Any CPU
		{08A4404D-9A57-40E2-9D35-0943274B241D}.Debug|Any CPU.ActiveCfg = Debug|Any CPU
		{08A4404D-9A57-40E2-9D35-0943274B241D}.Debug|Any CPU.Build.0 = Debug|Any CPU
		{08A4404D-9A57-40E2-9D35-0943274B241D}.Release|Any CPU.ActiveCfg = Release|Any CPU
		{08A4404D-9A57-40E2-9D35-0943274B241D}.Release|Any CPU.Build.0 = Release|Any CPU
		{9F147C63-3D08-420A-AFBC-FD63A6794565}.Debug|Any CPU.ActiveCfg = Debug|Any CPU
		{9F147C63-3D08-420A-AFBC-FD63A6794565}.Debug|Any CPU.Build.0 = Debug|Any CPU
		{9F147C63-3D08-420A-AFBC-FD63A6794565}.Release|Any CPU.ActiveCfg = Release|Any CPU
		{9F147C63-3D08-420A-AFBC-FD63A6794565}.Release|Any CPU.Build.0 = Release|Any CPU
		{446D31C5-AB65-4620-8D29-5F4966B7FD36}.Debug|Any CPU.ActiveCfg = Debug|Any CPU
		{446D31C5-AB65-4620-8D29-5F4966B7FD36}.Debug|Any CPU.Build.0 = Debug|Any CPU
		{446D31C5-AB65-4620-8D29-5F4966B7FD36}.Release|Any CPU.ActiveCfg = Release|Any CPU
		{446D31C5-AB65-4620-8D29-5F4966B7FD36}.Release|Any CPU.Build.0 = Release|Any CPU
		{04E46CAB-0893-4EBE-A87A-413D56DA0C70}.Debug|Any CPU.ActiveCfg = Debug|Any CPU
		{04E46CAB-0893-4EBE-A87A-413D56DA0C70}.Debug|Any CPU.Build.0 = Debug|Any CPU
		{04E46CAB-0893-4EBE-A87A-413D56DA0C70}.Release|Any CPU.ActiveCfg = Release|Any CPU
		{04E46CAB-0893-4EBE-A87A-413D56DA0C70}.Release|Any CPU.Build.0 = Release|Any CPU
		{04943D6D-2582-4804-9E86-7C00A7E4B24F}.Debug|Any CPU.ActiveCfg = Debug|Any CPU
		{04943D6D-2582-4804-9E86-7C00A7E4B24F}.Debug|Any CPU.Build.0 = Debug|Any CPU
		{04943D6D-2582-4804-9E86-7C00A7E4B24F}.Release|Any CPU.ActiveCfg = Release|Any CPU
		{04943D6D-2582-4804-9E86-7C00A7E4B24F}.Release|Any CPU.Build.0 = Release|Any CPU
		{9AC26A68-C6AD-472A-BBA1-86BD75E47A5C}.Debug|Any CPU.ActiveCfg = Debug|Any CPU
		{9AC26A68-C6AD-472A-BBA1-86BD75E47A5C}.Debug|Any CPU.Build.0 = Debug|Any CPU
		{9AC26A68-C6AD-472A-BBA1-86BD75E47A5C}.Release|Any CPU.ActiveCfg = Release|Any CPU
		{9AC26A68-C6AD-472A-BBA1-86BD75E47A5C}.Release|Any CPU.Build.0 = Release|Any CPU
		{BCA7BE26-7A55-4590-8005-0819971E0FA0}.Debug|Any CPU.ActiveCfg = Debug|Any CPU
		{BCA7BE26-7A55-4590-8005-0819971E0FA0}.Debug|Any CPU.Build.0 = Debug|Any CPU
		{BCA7BE26-7A55-4590-8005-0819971E0FA0}.Release|Any CPU.ActiveCfg = Release|Any CPU
		{BCA7BE26-7A55-4590-8005-0819971E0FA0}.Release|Any CPU.Build.0 = Release|Any CPU
		{1F221D66-5910-4764-B138-E443CB004611}.Debug|Any CPU.ActiveCfg = Debug|Any CPU
		{1F221D66-5910-4764-B138-E443CB004611}.Debug|Any CPU.Build.0 = Debug|Any CPU
		{1F221D66-5910-4764-B138-E443CB004611}.Release|Any CPU.ActiveCfg = Release|Any CPU
		{1F221D66-5910-4764-B138-E443CB004611}.Release|Any CPU.Build.0 = Release|Any CPU
		{34BC2E9B-20D8-48E3-8469-686F26B85955}.Debug|Any CPU.ActiveCfg = Debug|Any CPU
		{34BC2E9B-20D8-48E3-8469-686F26B85955}.Debug|Any CPU.Build.0 = Debug|Any CPU
		{34BC2E9B-20D8-48E3-8469-686F26B85955}.Release|Any CPU.ActiveCfg = Release|Any CPU
		{34BC2E9B-20D8-48E3-8469-686F26B85955}.Release|Any CPU.Build.0 = Release|Any CPU
		{A9F34A1A-84FA-4457-BAF8-9A463DEB0DF2}.Debug|Any CPU.ActiveCfg = Debug|Any CPU
		{A9F34A1A-84FA-4457-BAF8-9A463DEB0DF2}.Debug|Any CPU.Build.0 = Debug|Any CPU
		{A9F34A1A-84FA-4457-BAF8-9A463DEB0DF2}.Release|Any CPU.ActiveCfg = Release|Any CPU
		{A9F34A1A-84FA-4457-BAF8-9A463DEB0DF2}.Release|Any CPU.Build.0 = Release|Any CPU
		{A6674D70-2D12-43D5-A3C5-9E6F13418D7B}.Debug|Any CPU.ActiveCfg = Debug|Any CPU
		{A6674D70-2D12-43D5-A3C5-9E6F13418D7B}.Debug|Any CPU.Build.0 = Debug|Any CPU
		{A6674D70-2D12-43D5-A3C5-9E6F13418D7B}.Release|Any CPU.ActiveCfg = Release|Any CPU
		{A6674D70-2D12-43D5-A3C5-9E6F13418D7B}.Release|Any CPU.Build.0 = Release|Any CPU
	EndGlobalSection
	GlobalSection(SolutionProperties) = preSolution
		HideSolutionNode = FALSE
	EndGlobalSection
	GlobalSection(ExtensibilityGlobals) = postSolution
		SolutionGuid = {7AC8D3A8-6600-40D6-856F-386EC4983E21}
	EndGlobalSection
EndGlobal
